{
  "name": "network",
  "version": "0.0.0",
  "lockfileVersion": 1,
  "requires": true,
  "dependencies": {
    "zod": {
      "version": "3.23.5",
      "resolved": "https://registry.npmjs.org/zod/-/zod-3.23.5.tgz"
    },
    "fs-extra": {
      "version": "8.1.0",
      "resolved": "https://registry.npmjs.org/fs-extra/-/fs-extra-8.1.0.tgz"
    },
    "last-one-wins": {
      "version": "1.0.4",
      "resolved": "https://registry.npmjs.org/last-one-wins/-/last-one-wins-1.0.4.tgz"
    },
    "mime": {
      "version": "2.4.4",
      "resolved": "https://registry.npmjs.org/mime/-/mime-2.4.4.tgz"
    },
    "tftp": {
      "version": "0.1.2",
      "resolved": "https://registry.npmjs.org/tftp/-/tftp-0.1.2.tgz"
    },
    "dhcp": {
      "version": "git+https://github.com/infusion/node-dhcp.git",
      "resolved": "git+https://github.com/infusion/node-dhcp.git"
    }
  }
}
